Microsoft Visual Studio Solution File, Format Version 12.00
# Visual Studio Version 17
VisualStudioVersion = 17.5.2.0
MinimumVisualStudioVersion = 10.0.40219.1
Project("{FAE04EC0-301F-11D3-BF4B-00C04F79EFBC}") = "StaySimple.AuthService", "StaySimple.AuthService.csproj", "{2A5BA852-84AF-EA6D-ECE5-F0557BDEAFEA}"
EndProject
Global
	GlobalSection(SolutionConfigurationPlatforms) = preSolution
		Debug|Any CPU = Debug|Any CPU
		Release|Any CPU = Release|Any CPU
	EndGlobalSection
	GlobalSection(ProjectConfigurationPlatforms) = postSolution
		{2A5BA852-84AF-EA6D-ECE5-F0557BDEAFEA}.Debug|Any CPU.ActiveCfg = Debug|Any CPU
		{2A5BA852-84AF-EA6D-ECE5-F0557BDEAFEA}.Debug|Any CPU.Build.0 = Debug|Any CPU
		{2A5BA852-84AF-EA6D-ECE5-F0557BDEAFEA}.Release|Any CPU.ActiveCfg = Release|Any CPU
		{2A5BA852-84AF-EA6D-ECE5-F0557BDEAFEA}.Release|Any CPU.Build.0 = Release|Any CPU
	EndGlobalSection
	GlobalSection(SolutionProperties) = preSolution
		HideSolutionNode = FALSE
	EndGlobalSection
	GlobalSection(ExtensibilityGlobals) = postSolution
		SolutionGuid = {D5B1F50A-A6C2-406A-B6D4-38E675EE24DD}
	EndGlobalSection
EndGlobal
