
Microsoft Visual Studio Solution File, Format Version 12.00
# Visual Studio Version 18
VisualStudioVersion = 18.1.11312.151 d18.0
MinimumVisualStudioVersion = 10.0.40219.1
Project("{FAE04EC0-301F-11D3-BF4B-00C04F79EFBC}") = "StaySimple.API", "StaySimple.API\StaySimple.API.csproj", "{4394C9CE-33B2-4CF7-A52E-08A21549FF0B}"
EndProject
Project("{FAE04EC0-301F-11D3-BF4B-00C04F79EFBC}") = "StaySimple.AuthService", "StaySimple.AuthService\StaySimple.AuthService.csproj", "{ADEF417C-B94A-47F3-A7E6-32BF642D23BD}"
EndProject
Project("{FAE04EC0-301F-11D3-BF4B-00C04F79EFBC}") = "StaySimple.HotelService", "StaySimple.HotelService\StaySimple.HotelService.csproj", "{81B3789F-C37F-4967-8F2A-ECFFB502021B}"
EndProject
Project("{FAE04EC0-301F-11D3-BF4B-00C04F79EFBC}") = "StaySimple.BookingService", "StaySimple.BookingService\StaySimple.BookingService.csproj", "{4EB9A5DE-756B-446D-B4F6-5E25845ADED6}"
EndProject
Project("{FAE04EC0-301F-11D3-BF4B-00C04F79EFBC}") = "Shared", "Shared\Shared.csproj", "{D4FD25F2-9AEA-4102-A32C-997098C45F56}"
EndProject
Project("{FAE04EC0-301F-11D3-BF4B-00C04F79EFBC}") = "StaySimple.Notifications", "StaySimple.Notifications\StaySimple.Notifications.csproj", "{875CC7EC-7693-4688-AFF2-63BCE16224A7}"
EndProject
Global
	GlobalSection(SolutionConfigurationPlatforms) = preSolution
		Debug|Any CPU = Debug|Any CPU
		Release|Any CPU = Release|Any CPU
	EndGlobalSection
	GlobalSection(ProjectConfigurationPlatforms) = postSolution
		{4394C9CE-33B2-4CF7-A52E-08A21549FF0B}.Debug|Any CPU.ActiveCfg = Debug|Any CPU
		{4394C9CE-33B2-4CF7-A52E-08A21549FF0B}.Debug|Any CPU.Build.0 = Debug|Any CPU
		{4394C9CE-33B2-4CF7-A52E-08A21549FF0B}.Release|Any CPU.ActiveCfg = Release|Any CPU
		{4394C9CE-33B2-4CF7-A52E-08A21549FF0B}.Release|Any CPU.Build.0 = Release|Any CPU
		{ADEF417C-B94A-47F3-A7E6-32BF642D23BD}.Debug|Any CPU.ActiveCfg = Debug|Any CPU
		{ADEF417C-B94A-47F3-A7E6-32BF642D23BD}.Debug|Any CPU.Build.0 = Debug|Any CPU
		{ADEF417C-B94A-47F3-A7E6-32BF642D23BD}.Release|Any CPU.ActiveCfg = Release|Any CPU
		{ADEF417C-B94A-47F3-A7E6-32BF642D23BD}.Release|Any CPU.Build.0 = Release|Any CPU
		{81B3789F-C37F-4967-8F2A-ECFFB502021B}.Debug|Any CPU.ActiveCfg = Debug|Any CPU
		{81B3789F-C37F-4967-8F2A-ECFFB502021B}.Debug|Any CPU.Build.0 = Debug|Any CPU
		{81B3789F-C37F-4967-8F2A-ECFFB502021B}.Release|Any CPU.ActiveCfg = Release|Any CPU
		{81B3789F-C37F-4967-8F2A-ECFFB502021B}.Release|Any CPU.Build.0 = Release|Any CPU
		{4EB9A5DE-756B-446D-B4F6-5E25845ADED6}.Debug|Any CPU.ActiveCfg = Debug|Any CPU
		{4EB9A5DE-756B-446D-B4F6-5E25845ADED6}.Debug|Any CPU.Build.0 = Debug|Any CPU
		{4EB9A5DE-756B-446D-B4F6-5E25845ADED6}.Release|Any CPU.ActiveCfg = Release|Any CPU
		{4EB9A5DE-756B-446D-B4F6-5E25845ADED6}.Release|Any CPU.Build.0 = Release|Any CPU
		{D4FD25F2-9AEA-4102-A32C-997098C45F56}.Debug|Any CPU.ActiveCfg = Debug|Any CPU
		{D4FD25F2-9AEA-4102-A32C-997098C45F56}.Debug|Any CPU.Build.0 = Debug|Any CPU
		{D4FD25F2-9AEA-4102-A32C-997098C45F56}.Release|Any CPU.ActiveCfg = Release|Any CPU
		{D4FD25F2-9AEA-4102-A32C-997098C45F56}.Release|Any CPU.Build.0 = Release|Any CPU
		{875CC7EC-7693-4688-AFF2-63BCE16224A7}.Debug|Any CPU.ActiveCfg = Debug|Any CPU
		{875CC7EC-7693-4688-AFF2-63BCE16224A7}.Debug|Any CPU.Build.0 = Debug|Any CPU
		{875CC7EC-7693-4688-AFF2-63BCE16224A7}.Release|Any CPU.ActiveCfg = Release|Any CPU
		{875CC7EC-7693-4688-AFF2-63BCE16224A7}.Release|Any CPU.Build.0 = Release|Any CPU
	EndGlobalSection
	GlobalSection(SolutionProperties) = preSolution
		HideSolutionNode = FALSE
	EndGlobalSection
	GlobalSection(ExtensibilityGlobals) = postSolution
		SolutionGuid = {39F16877-672A-4F95-B2D5-15D6B34E6808}
	EndGlobalSection
EndGlobal
